
Microsoft Visual Studio Solution File, Format Version 12.00
Project("{FAE04EC0-301F-11D3-BF4B-00C04F79EFBC}") = "Mad libs", "Mad libs.csproj", "{1A541C7A-84C9-4293-BD64-00708BF0E624}"
EndProject
Global
	GlobalSection(SolutionConfigurationPlatforms) = preSolution
		Debug|Any CPU = Debug|Any CPU
		Release|Any CPU = Release|Any CPU
	EndGlobalSection
	GlobalSection(ProjectConfigurationPlatforms) = postSolution
		{1A541C7A-84C9-4293-BD64-00708BF0E624}.Debug|Any CPU.ActiveCfg = Debug|Any CPU
		{1A541C7A-84C9-4293-BD64-00708BF0E624}.Debug|Any CPU.Build.0 = Debug|Any CPU
		{1A541C7A-84C9-4293-BD64-00708BF0E624}.Release|Any CPU.ActiveCfg = Release|Any CPU
		{1A541C7A-84C9-4293-BD64-00708BF0E624}.Release|Any CPU.Build.0 = Release|Any CPU
	EndGlobalSection
EndGlobal
